// !$*UTF8*$!
{
	archiveVersion = 1;
	classes = {
	};
	objectVersion = 50;
	objects = {

/* Begin PBXBuildFile section */
		BA92D882225BE16E00458339 /* AppDelegate.m in Sources */ = {isa = PBXBuildFile; fileRef = BA92D881225BE16E00458339 /* AppDelegate.m */; };
		BA92D884225BE17700458339 /* Assets.xcassets in Resources */ = {isa = PBXBuildFile; fileRef = BA92D883225BE17700458339 /* Assets.xcassets */; };
		BA92D887225BE17700458339 /* MainMenu.xib in Resources */ = {isa = PBXBuildFile; fileRef = BA92D885225BE17700458339 /* MainMenu.xib */; };
		BA92D88A225BE17700458339 /* main.m in Sources */ = {isa = PBXBuildFile; fileRef = BA92D889225BE17700458339 /* main.m */; };
		BA92D893225BE20800458339 /* Rectangle.m in Sources */ = {isa = PBXBuildFile; fileRef = BA92D892225BE20800458339 /* Rectangle.m */; };
/* End PBXBuildFile section */

/* Begin PBXFileReference section */
		BA92D87D225BE16E00458339 /* CalcAreaForRectangle.app */ = {isa = PBXFileReference; explicitFileType = wrapper.application; includeInIndex = 0; path = CalcAreaForRectangle.app; sourceTree = BUILT_PRODUCTS_DIR; };
		BA92D880225BE16E00458339 /* AppDelegate.h */ = {isa = PBXFileReference; lastKnownFileType = sourcecode.c.h; path = AppDelegate.h; sourceTree = "<group>"; };
		BA92D881225BE16E00458339 /* AppDelegate.m */ = {isa = PBXFileReference; lastKnownFileType = sourcecode.c.objc; path = AppDelegate.m; sourceTree = "<group>"; };
		BA92D883225BE17700458339 /* Assets.xcassets */ = {isa = PBXFileReference; lastKnownFileType = folder.assetcatalog; path = Assets.xcassets; sourceTree = "<group>"; };
		BA92D886225BE17700458339 /* Base */ = {isa = PBXFileReference; lastKnownFileType = file.xib; name = Base; path = Base.lproj/MainMenu.xib; sourceTree = "<group>"; };
		BA92D888225BE17700458339 /* Info.plist */ = {isa = PBXFileReference; lastKnownFileType = text.plist.xml; path = Info.plist; sourceTree = "<group>"; };
		BA92D889225BE17700458339 /* main.m */ = {isa = PBXFileReference; lastKnownFileType = sourcecode.c.objc; path = main.m; sourceTree = "<group>"; };
		BA92D88B225BE17700458339 /* CalcAreaForRectangle.entitlements */ = {isa = PBXFileReference; lastKnownFileType = text.plist.entitlements; path = CalcAreaForRectangle.entitlements; sourceTree = "<group>"; };
		BA92D891225BE20800458339 /* Rectangle.h */ = {isa = PBXFileReference; lastKnownFileType = sourcecode.c.h; path = Rectangle.h; sourceTree = "<group>"; };
		BA92D892225BE20800458339 /* Rectangle.m */ = {isa = PBXFileReference; lastKnownFileType = sourcecode.c.objc; path = Rectangle.m; sourceTree = "<group>"; };
/* End PBXFileReference section */

/* Begin PBXFrameworksBuildPhase section */
		BA92D87A225BE16E00458339 /* Frameworks */ = {
			isa = PBXFrameworksBuildPhase;
			buildActionMask = 2147483647;
			files = (
			);
			runOnlyForDeploymentPostprocessing = 0;
		};
/* End PBXFrameworksBuildPhase section */

/* Begin PBXGroup section */
		BA92D874225BE16E00458339 = {
			isa = PBXGroup;
			children = (
				BA92D87F225BE16E00458339 /* CalcAreaForRectangle */,
				BA92D87E225BE16E00458339 /* Products */,
			);
			sourceTree = "<group>";
		};
		BA92D87E225BE16E00458339 /* Products */ = {
			isa = PBXGroup;
			children = (
				BA92D87D225BE16E00458339 /* CalcAreaForRectangle.app */,
			);
			name = Products;
			sourceTree = "<group>";
		};
		BA92D87F225BE16E00458339 /* CalcAreaForRectangle */ = {
			isa = PBXGroup;
			children = (
				BA92D880225BE16E00458339 /* AppDelegate.h */,
				BA92D881225BE16E00458339 /* AppDelegate.m */,
				BA92D883225BE17700458339 /* Assets.xcassets */,
				BA92D885225BE17700458339 /* MainMenu.xib */,
				BA92D888225BE17700458339 /* Info.plist */,
				BA92D889225BE17700458339 /* main.m */,
				BA92D88B225BE17700458339 /* CalcAreaForRectangle.entitlements */,
				BA92D891225BE20800458339 /* Rectangle.h */,
				BA92D892225BE20800458339 /* Rectangle.m */,
			);
			path = CalcAreaForRectangle;
			sourceTree = "<group>";
		};
/* End PBXGroup section */

/* Begin PBXNativeTarget section */
		BA92D87C225BE16E00458339 /* CalcAreaForRectangle */ = {
			isa = PBXNativeTarget;
			buildConfigurationList = BA92D88E225BE17700458339 /* Build configuration list for PBXNativeTarget "CalcAreaForRectangle" */;
			buildPhases = (
				BA92D879225BE16E00458339 /* Sources */,
				BA92D87A225BE16E00458339 /* Frameworks */,
				BA92D87B225BE16E00458339 /* Resources */,
			);
			buildRules = (
			);
			dependencies = (
			);
			name = CalcAreaForRectangle;
			productName = CalcAreaForRectangle;
			productReference = BA92D87D225BE16E00458339 /* CalcAreaForRectangle.app */;
			productType = "com.apple.product-type.application";
		};
/* End PBXNativeTarget section */

/* Begin PBXProject section */
		BA92D875225BE16E00458339 /* Project object */ = {
			isa = PBXProject;
			attributes = {
				LastUpgradeCheck = 0930;
				ORGANIZATIONNAME = ITI;
				TargetAttributes = {
					BA92D87C225BE16E00458339 = {
						CreatedOnToolsVersion = 9.3;
					};
				};
			};
			buildConfigurationList = BA92D878225BE16E00458339 /* Build configuration list for PBXProject "CalcAreaForRectangle" */;
			compatibilityVersion = "Xcode 9.3";
			developmentRegion = en;
			hasScannedForEncodings = 0;
			knownRegions = (
				en,
				Base,
			);
			mainGroup = BA92D874225BE16E00458339;
			productRefGroup = BA92D87E225BE16E00458339 /* Products */;
			projectDirPath = "";
			projectRoot = "";
			targets = (
				BA92D87C225BE16E00458339 /* CalcAreaForRectangle */,
			);
		};
/* End PBXProject section */

/* Begin PBXResourcesBuildPhase section */
		BA92D87B225BE16E00458339 /* Resources */ = {
			isa = PBXResourcesBuildPhase;
			buildActionMask = 2147483647;
			files = (
				BA92D884225BE17700458339 /* Assets.xcassets in Resources */,
				BA92D887225BE17700458339 /* MainMenu.xib in Resources */,
			);
			runOnlyForDeploymentPostprocessing = 0;
		};
/* End PBXResourcesBuildPhase section */

/* Begin PBXSourcesBuildPhase section */
		BA92D879225BE16E00458339 /* Sources */ = {
			isa = PBXSourcesBuildPhase;
			buildActionMask = 2147483647;
			files = (
				BA92D88A225BE17700458339 /* main.m in Sources */,
				BA92D882225BE16E00458339 /* AppDelegate.m in Sources */,
				BA92D893225BE20800458339 /* Rectangle.m in Sources */,
			);
			runOnlyForDeploymentPostprocessing = 0;
		};
/* End PBXSourcesBuildPhase section */

/* Begin PBXVariantGroup section */
		BA92D885225BE17700458339 /* MainMenu.xib */ = {
			isa = PBXVariantGroup;
			children = (
				BA92D886225BE17700458339 /* Base */,
			);
			name = MainMenu.xib;
			sourceTree = "<group>";
		};
/* End PBXVariantGroup section */

/* Begin XCBuildConfiguration section */
		BA92D88C225BE17700458339 /* Debug */ = {
			isa = XCBuildConfiguration;
			buildSettings = {
				ALWAYS_SEARCH_USER_PATHS = NO;
				CLANG_ANALYZER_NONNULL = YES;
				CLANG_ANALYZER_NUMBER_OBJECT_CONVERSION = YES_AGGRESSIVE;
				CLANG_CXX_LANGUAGE_STANDARD = "gnu++14";
				CLANG_CXX_LIBRARY = "libc++";
				CLANG_ENABLE_MODULES = YES;
				CLANG_ENABLE_OBJC_ARC = YES;
				CLANG_ENABLE_OBJC_WEAK = YES;
				CLANG_WARN_BLOCK_CAPTURE_AUTORELEASING = YES;
				CLANG_WARN_BOOL_CONVERSION = YES;
				CLANG_WARN_COMMA = YES;
				CLANG_WARN_CONSTANT_CONVERSION = YES;
				CLANG_WARN_DEPRECATED_OBJC_IMPLEMENTATIONS = YES;
				CLANG_WARN_DIRECT_OBJC_ISA_USAGE = YES_ERROR;
				CLANG_WARN_DOCUMENTATION_COMMENTS = YES;
				CLANG_WARN_EMPTY_BODY = YES;
				CLANG_WARN_ENUM_CONVERSION = YES;
				CLANG_WARN_INFINITE_RECURSION = YES;
				CLANG_WARN_INT_CONVERSION = YES;
				CLANG_WARN_NON_LITERAL_NULL_CONVERSION = YES;
				CLANG_WARN_OBJC_IMPLICIT_RETAIN_SELF = YES;
				CLANG_WARN_OBJC_LITERAL_CONVERSION = YES;
				CLANG_WARN_OBJC_ROOT_CLASS = YES_ERROR;
				CLANG_WARN_RANGE_LOOP_ANALYSIS = YES;
				CLANG_WARN_STRICT_PROTOTYPES = YES;
				CLANG_WARN_SUSPICIOUS_MOVE = YES;
				CLANG_WARN_UNGUARDED_AVAILABILITY = YES_AGGRESSIVE;
				CLANG_WARN_UNREACHABLE_CODE = YES;
				CLANG_WARN__DUPLICATE_METHOD_MATCH = YES;
				CODE_SIGN_IDENTITY = "-";
				COPY_PHASE_STRIP = NO;
				DEBUG_INFORMATION_FORMAT = dwarf;
				ENABLE_STRICT_OBJC_MSGSEND = YES;
				ENABLE_TESTABILITY = YES;
				GCC_C_LANGUAGE_STANDARD = gnu11;
				GCC_DYNAMIC_NO_PIC = NO;
				GCC_NO_COMMON_BLOCKS = YES;
				GCC_OPTIMIZATION_LEVEL = 0;
				GCC_PREPROCESSOR_DEFINITIONS = (
					"DEBUG=1",
					"$(inherited)",
				);
				GCC_WARN_64_TO_32_BIT_CONVERSION = YES;
				GCC_WARN_ABOUT_RETURN_TYPE = YES_ERROR;
				GCC_WARN_UNDECLARED_SELECTOR = YES;
				GCC_WARN_UNINITIALIZED_AUTOS = YES_AGGRESSIVE;
				GCC_WARN_UNUSED_FUNCTION = YES;
				GCC_WARN_UNUSED_VARIABLE = YES;
				MACOSX_DEPLOYMENT_TARGET = 10.13;
				MTL_ENABLE_DEBUG_INFO = YES;
				ONLY_ACTIVE_ARCH = YES;
				SDKROOT = macosx;
			};
			name = Debug;
		};
		BA92D88D225BE17700458339 /* Release */ = {
			isa = XCBuildConfiguration;
			buildSettings = {
				ALWAYS_SEARCH_USER_PATHS = NO;
				CLANG_ANALYZER_NONNULL = YES;
				CLANG_ANALYZER_NUMBER_OBJECT_CONVERSION = YES_AGGRESSIVE;
				CLANG_CXX_LANGUAGE_STANDARD = "gnu++14";
				CLANG_CXX_LIBRARY = "libc++";
				CLANG_ENABLE_MODULES = YES;
				CLANG_ENABLE_OBJC_ARC = YES;
				CLANG_ENABLE_OBJC_WEAK = YES;
				CLANG_WARN_BLOCK_CAPTURE_AUTORELEASING = YES;
				CLANG_WARN_BOOL_CONVERSION = YES;
				CLANG_WARN_COMMA = YES;
				CLANG_WARN_CONSTANT_CONVERSION = YES;
				CLANG_WARN_DEPRECATED_OBJC_IMPLEMENTATIONS = YES;
				CLANG_WARN_DIRECT_OBJC_ISA_USAGE = YES_ERROR;
				CLANG_WARN_DOCUMENTATION_COMMENTS = YES;
				CLANG_WARN_EMPTY_BODY = YES;
				CLANG_WARN_ENUM_CONVERSION = YES;
				CLANG_WARN_INFINITE_RECURSION = YES;
				CLANG_WARN_INT_CONVERSION = YES;
				CLANG_WARN_NON_LITERAL_NULL_CONVERSION = YES;
				CLANG_WARN_OBJC_IMPLICIT_RETAIN_SELF = YES;
				CLANG_WARN_OBJC_LITERAL_CONVERSION = YES;
				CLANG_WARN_OBJC_ROOT_CLASS = YES_ERROR;
				CLANG_WARN_RANGE_LOOP_ANALYSIS = YES;
				CLANG_WARN_STRICT_PROTOTYPES = YES;
				CLANG_WARN_SUSPICIOUS_MOVE = YES;
				CLANG_WARN_UNGUARDED_AVAILABILITY = YES_AGGRESSIVE;
				CLANG_WARN_UNREACHABLE_CODE = YES;
				CLANG_WARN__DUPLICATE_METHOD_MATCH = YES;
				CODE_SIGN_IDENTITY = "-";
				COPY_PHASE_STRIP = NO;
				DEBUG_INFORMATION_FORMAT = "dwarf-with-dsym";
				ENABLE_NS_ASSERTIONS = NO;
				ENABLE_STRICT_OBJC_MSGSEND = YES;
				GCC_C_LANGUAGE_STANDARD = gnu11;
				GCC_NO_COMMON_BLOCKS = YES;
				GCC_WARN_64_TO_32_BIT_CONVERSION = YES;
				GCC_WARN_ABOUT_RETURN_TYPE = YES_ERROR;
				GCC_WARN_UNDECLARED_SELECTOR = YES;
				GCC_WARN_UNINITIALIZED_AUTOS = YES_AGGRESSIVE;
				GCC_WARN_UNUSED_FUNCTION = YES;
				GCC_WARN_UNUSED_VARIABLE = YES;
				MACOSX_DEPLOYMENT_TARGET = 10.13;
				MTL_ENABLE_DEBUG_INFO = NO;
				SDKROOT = macosx;
			};
			name = Release;
		};
		BA92D88F225BE17700458339 /* Debug */ = {
			isa = XCBuildConfiguration;
			buildSettings = {
				ASSETCATALOG_COMPILER_APPICON_NAME = AppIcon;
				CODE_SIGN_ENTITLEMENTS = CalcAreaForRectangle/CalcAreaForRectangle.entitlements;
				CODE_SIGN_STYLE = Automatic;
				COMBINE_HIDPI_IMAGES = YES;
				INFOPLIST_FILE = CalcAreaForRectangle/Info.plist;
				LD_RUNPATH_SEARCH_PATHS = (
					"$(inherited)",
					"@executable_path/../Frameworks",
				);
				PRODUCT_BUNDLE_IDENTIFIER = JETS.CalcAreaForRectangle;
				PRODUCT_NAME = "$(TARGET_NAME)";
			};
			name = Debug;
		};
		BA92D890225BE17700458339 /* Release */ = {
			isa = XCBuildConfiguration;
			buildSettings = {
				ASSETCATALOG_COMPILER_APPICON_NAME = AppIcon;
				CODE_SIGN_ENTITLEMENTS = CalcAreaForRectangle/CalcAreaForRectangle.entitlements;
				CODE_SIGN_STYLE = Automatic;
				COMBINE_HIDPI_IMAGES = YES;
				INFOPLIST_FILE = CalcAreaForRectangle/Info.plist;
				LD_RUNPATH_SEARCH_PATHS = (
					"$(inherited)",
					"@executable_path/../Frameworks",
				);
				PRODUCT_BUNDLE_IDENTIFIER = JETS.CalcAreaForRectangle;
				PRODUCT_NAME = "$(TARGET_NAME)";
			};
			name = Release;
		};
/* End XCBuildConfiguration section */

/* Begin XCConfigurationList section */
		BA92D878225BE16E00458339 /* Build configuration list for PBXProject "CalcAreaForRectangle" */ = {
			isa = XCConfigurationList;
			buildConfigurations = (
				BA92D88C225BE17700458339 /* Debug */,
				BA92D88D225BE17700458339 /* Release */,
			);
			defaultConfigurationIsVisible = 0;
			defaultConfigurationName = Release;
		};
		BA92D88E225BE17700458339 /* Build configuration list for PBXNativeTarget "CalcAreaForRectangle" */ = {
			isa = XCConfigurationList;
			buildConfigurations = (
				BA92D88F225BE17700458339 /* Debug */,
				BA92D890225BE17700458339 /* Release */,
			);
			defaultConfigurationIsVisible = 0;
			defaultConfigurationName = Release;
		};
/* End XCConfigurationList section */
	};
	rootObject = BA92D875225BE16E00458339 /* Project object */;
}
